
Microsoft Visual Studio Solution File, Format Version 12.00
# Visual Studio Version 16
VisualStudioVersion = 16.0.30413.136
MinimumVisualStudioVersion = 10.0.40219.1
Project("{FAE04EC0-301F-11D3-BF4B-00C04F79EFBC}") = "P03_SalesDatabase", "P03_SalesDatabase\P03_SalesDatabase.csproj", "{D3D3FB1F-66CF-4358-81BF-C2AEF5138C57}"
EndProject
Project("{FAE04EC0-301F-11D3-BF4B-00C04F79EFBC}") = "P03_SalesDatabase.Data", "P03_SalesDatabase.Data\P03_SalesDatabase.Data.csproj", "{9476F62C-2990-4F02-AF5B-9A77560C83AD}"
EndProject
Project("{FAE04EC0-301F-11D3-BF4B-00C04F79EFBC}") = "P03_SalesDatabase.Data.Models", "P03_SalesDatabase.Data.Models\P03_SalesDatabase.Data.Models.csproj", "{8FD8C95C-C7F4-4479-BD43-3FFEBCCAF473}"
EndProject
Global
	GlobalSection(SolutionConfigurationPlatforms) = preSolution
		Debug|Any CPU = Debug|Any CPU
		Release|Any CPU = Release|Any CPU
	EndGlobalSection
	GlobalSection(ProjectConfigurationPlatforms) = postSolution
		{D3D3FB1F-66CF-4358-81BF-C2AEF5138C57}.Debug|Any CPU.ActiveCfg = Debug|Any CPU
		{D3D3FB1F-66CF-4358-81BF-C2AEF5138C57}.Debug|Any CPU.Build.0 = Debug|Any CPU
		{D3D3FB1F-66CF-4358-81BF-C2AEF5138C57}.Release|Any CPU.ActiveCfg = Release|Any CPU
		{D3D3FB1F-66CF-4358-81BF-C2AEF5138C57}.Release|Any CPU.Build.0 = Release|Any CPU
		{9476F62C-2990-4F02-AF5B-9A77560C83AD}.Debug|Any CPU.ActiveCfg = Debug|Any CPU
		{9476F62C-2990-4F02-AF5B-9A77560C83AD}.Debug|Any CPU.Build.0 = Debug|Any CPU
		{9476F62C-2990-4F02-AF5B-9A77560C83AD}.Release|Any CPU.ActiveCfg = Release|Any CPU
		{9476F62C-2990-4F02-AF5B-9A77560C83AD}.Release|Any CPU.Build.0 = Release|Any CPU
		{8FD8C95C-C7F4-4479-BD43-3FFEBCCAF473}.Debug|Any CPU.ActiveCfg = Debug|Any CPU
		{8FD8C95C-C7F4-4479-BD43-3FFEBCCAF473}.Debug|Any CPU.Build.0 = Debug|Any CPU
		{8FD8C95C-C7F4-4479-BD43-3FFEBCCAF473}.Release|Any CPU.ActiveCfg = Release|Any CPU
		{8FD8C95C-C7F4-4479-BD43-3FFEBCCAF473}.Release|Any CPU.Build.0 = Release|Any CPU
	EndGlobalSection
	GlobalSection(SolutionProperties) = preSolution
		HideSolutionNode = FALSE
	EndGlobalSection
	GlobalSection(ExtensibilityGlobals) = postSolution
		SolutionGuid = {AA919E50-7397-4540-90C5-BC9B8B0C4044}
	EndGlobalSection
EndGlobal
