
Microsoft Visual Studio Solution File, Format Version 12.00
# Visual Studio 15
VisualStudioVersion = 15.0.28307.539
MinimumVisualStudioVersion = 10.0.40219.1
Project("{FAE04EC0-301F-11D3-BF4B-00C04F79EFBC}") = "BoxOfT", "GenericsLab\BoxOfT.csproj", "{DD3E8F90-EDB9-485C-AA21-C4E6F929E847}"
EndProject
Global
	GlobalSection(SolutionConfigurationPlatforms) = preSolution
		Debug|Any CPU = Debug|Any CPU
		Release|Any CPU = Release|Any CPU
	EndGlobalSection
	GlobalSection(ProjectConfigurationPlatforms) = postSolution
		{DD3E8F90-EDB9-485C-AA21-C4E6F929E847}.Debug|Any CPU.ActiveCfg = Debug|Any CPU
		{DD3E8F90-EDB9-485C-AA21-C4E6F929E847}.Debug|Any CPU.Build.0 = Debug|Any CPU
		{DD3E8F90-EDB9-485C-AA21-C4E6F929E847}.Release|Any CPU.ActiveCfg = Release|Any CPU
		{DD3E8F90-EDB9-485C-AA21-C4E6F929E847}.Release|Any CPU.Build.0 = Release|Any CPU
	EndGlobalSection
	GlobalSection(SolutionProperties) = preSolution
		HideSolutionNode = FALSE
	EndGlobalSection
	GlobalSection(ExtensibilityGlobals) = postSolution
		SolutionGuid = {5AECD7BD-0CFF-4717-9DEB-C0EB0FA1BF8D}
	EndGlobalSection
EndGlobal
