
Microsoft Visual Studio Solution File, Format Version 12.00
# Visual Studio 15
VisualStudioVersion = 15.0.28307.539
MinimumVisualStudioVersion = 10.0.40219.1
Project("{9A19103F-16F7-4668-BE54-9A1E7A4F7556}") = "CarManufacturer", "CarManufacturer\CarManufacturer.csproj", "{6196A8A5-52D7-4E09-BA51-25E12E45F57F}"
EndProject
Project("{FAE04EC0-301F-11D3-BF4B-00C04F79EFBC}") = "DefiningClasses", "DefiningClasses\DefiningClasses.csproj", "{EF4C5D58-4990-4EEB-985D-BF5F149A2B9B}"
EndProject
Global
	GlobalSection(SolutionConfigurationPlatforms) = preSolution
		Debug|Any CPU = Debug|Any CPU
		Release|Any CPU = Release|Any CPU
	EndGlobalSection
	GlobalSection(ProjectConfigurationPlatforms) = postSolution
		{6196A8A5-52D7-4E09-BA51-25E12E45F57F}.Debug|Any CPU.ActiveCfg = Debug|Any CPU
		{6196A8A5-52D7-4E09-BA51-25E12E45F57F}.Debug|Any CPU.Build.0 = Debug|Any CPU
		{6196A8A5-52D7-4E09-BA51-25E12E45F57F}.Release|Any CPU.ActiveCfg = Release|Any CPU
		{6196A8A5-52D7-4E09-BA51-25E12E45F57F}.Release|Any CPU.Build.0 = Release|Any CPU
		{EF4C5D58-4990-4EEB-985D-BF5F149A2B9B}.Debug|Any CPU.ActiveCfg = Debug|Any CPU
		{EF4C5D58-4990-4EEB-985D-BF5F149A2B9B}.Debug|Any CPU.Build.0 = Debug|Any CPU
		{EF4C5D58-4990-4EEB-985D-BF5F149A2B9B}.Release|Any CPU.ActiveCfg = Release|Any CPU
		{EF4C5D58-4990-4EEB-985D-BF5F149A2B9B}.Release|Any CPU.Build.0 = Release|Any CPU
	EndGlobalSection
	GlobalSection(SolutionProperties) = preSolution
		HideSolutionNode = FALSE
	EndGlobalSection
	GlobalSection(ExtensibilityGlobals) = postSolution
		SolutionGuid = {6E043971-C39D-4B92-B07B-6F6F038808C3}
	EndGlobalSection
EndGlobal
