
Microsoft Visual Studio Solution File, Format Version 12.00
# Visual Studio Version 16
VisualStudioVersion = 16.0.30413.136
MinimumVisualStudioVersion = 10.0.40219.1
Project("{FAE04EC0-301F-11D3-BF4B-00C04F79EFBC}") = "Exam28June2020", "Exam28June2020\Exam28June2020.csproj", "{EDF8E517-E889-40B0-AC33-AB93538228FA}"
EndProject
Global
	GlobalSection(SolutionConfigurationPlatforms) = preSolution
		Debug|Any CPU = Debug|Any CPU
		Release|Any CPU = Release|Any CPU
	EndGlobalSection
	GlobalSection(ProjectConfigurationPlatforms) = postSolution
		{EDF8E517-E889-40B0-AC33-AB93538228FA}.Debug|Any CPU.ActiveCfg = Debug|Any CPU
		{EDF8E517-E889-40B0-AC33-AB93538228FA}.Debug|Any CPU.Build.0 = Debug|Any CPU
		{EDF8E517-E889-40B0-AC33-AB93538228FA}.Release|Any CPU.ActiveCfg = Release|Any CPU
		{EDF8E517-E889-40B0-AC33-AB93538228FA}.Release|Any CPU.Build.0 = Release|Any CPU
	EndGlobalSection
	GlobalSection(SolutionProperties) = preSolution
		HideSolutionNode = FALSE
	EndGlobalSection
	GlobalSection(ExtensibilityGlobals) = postSolution
		SolutionGuid = {A91786F2-0BCF-4691-B1F2-2F550B2D99CA}
	EndGlobalSection
EndGlobal
